
Microsoft Visual Studio Solution File, Format Version 12.00
# Visual Studio 15
VisualStudioVersion = 15.0.28307.168
MinimumVisualStudioVersion = 10.0.40219.1
Project("{FAE04EC0-301F-11D3-BF4B-00C04F79EFBC}") = "RepairsManager.WebAPI", "RepairsManager.WebAPI\RepairsManager.WebAPI.csproj", "{861D61FA-0D6F-41E1-ADEE-0903DA9A2CF7}"
EndProject
Global
	GlobalSection(SolutionConfigurationPlatforms) = preSolution
		Debug|Any CPU = Debug|Any CPU
		Release|Any CPU = Release|Any CPU
	EndGlobalSection
	GlobalSection(ProjectConfigurationPlatforms) = postSolution
		{861D61FA-0D6F-41E1-ADEE-0903DA9A2CF7}.Debug|Any CPU.ActiveCfg = Debug|Any CPU
		{861D61FA-0D6F-41E1-ADEE-0903DA9A2CF7}.Debug|Any CPU.Build.0 = Debug|Any CPU
		{861D61FA-0D6F-41E1-ADEE-0903DA9A2CF7}.Release|Any CPU.ActiveCfg = Release|Any CPU
		{861D61FA-0D6F-41E1-ADEE-0903DA9A2CF7}.Release|Any CPU.Build.0 = Release|Any CPU
	EndGlobalSection
	GlobalSection(SolutionProperties) = preSolution
		HideSolutionNode = FALSE
	EndGlobalSection
	GlobalSection(ExtensibilityGlobals) = postSolution
		SolutionGuid = {724E4314-5FA9-40BA-A756-88663F5ABED3}
	EndGlobalSection
EndGlobal
